
Microsoft Visual Studio Solution File, Format Version 12.00
# Visual Studio Version 17
VisualStudioVersion = 17.13.35825.156 d17.13
MinimumVisualStudioVersion = 10.0.40219.1
Project("{FAE04EC0-301F-11D3-BF4B-00C04F79EFBC}") = "SmartHomeBack", "SmartHomeBack\SmartHomeBack.csproj", "{8D080AA8-8BAD-47FF-A020-12F8CF968830}"
EndProject
Global
	GlobalSection(SolutionConfigurationPlatforms) = preSolution
		Debug|Any CPU = Debug|Any CPU
		Release|Any CPU = Release|Any CPU
	EndGlobalSection
	GlobalSection(ProjectConfigurationPlatforms) = postSolution
		{8D080AA8-8BAD-47FF-A020-12F8CF968830}.Debug|Any CPU.ActiveCfg = Debug|Any CPU
		{8D080AA8-8BAD-47FF-A020-12F8CF968830}.Debug|Any CPU.Build.0 = Debug|Any CPU
		{8D080AA8-8BAD-47FF-A020-12F8CF968830}.Release|Any CPU.ActiveCfg = Release|Any CPU
		{8D080AA8-8BAD-47FF-A020-12F8CF968830}.Release|Any CPU.Build.0 = Release|Any CPU
	EndGlobalSection
	GlobalSection(SolutionProperties) = preSolution
		HideSolutionNode = FALSE
	EndGlobalSection
	GlobalSection(ExtensibilityGlobals) = postSolution
		SolutionGuid = {86B664FB-06B8-46CF-A158-2DADFE897828}
	EndGlobalSection
EndGlobal
